
Microsoft Visual Studio Solution File, Format Version 12.00
# Visual Studio Version 17
VisualStudioVersion = 17.3.32825.248
MinimumVisualStudioVersion = 10.0.40219.1
Project("{FAE04EC0-301F-11D3-BF4B-00C04F79EFBC}") = "teste1", "teste1.csproj", "{B6379C3E-DB8A-478C-941E-CD7EC178A4D6}"
EndProject
Global
	GlobalSection(SolutionConfigurationPlatforms) = preSolution
		Debug|Any CPU = Debug|Any CPU
		Release|Any CPU = Release|Any CPU
	EndGlobalSection
	GlobalSection(ProjectConfigurationPlatforms) = postSolution
		{B6379C3E-DB8A-478C-941E-CD7EC178A4D6}.Debug|Any CPU.ActiveCfg = Debug|Any CPU
		{B6379C3E-DB8A-478C-941E-CD7EC178A4D6}.Debug|Any CPU.Build.0 = Debug|Any CPU
		{B6379C3E-DB8A-478C-941E-CD7EC178A4D6}.Release|Any CPU.ActiveCfg = Release|Any CPU
		{B6379C3E-DB8A-478C-941E-CD7EC178A4D6}.Release|Any CPU.Build.0 = Release|Any CPU
	EndGlobalSection
	GlobalSection(SolutionProperties) = preSolution
		HideSolutionNode = FALSE
	EndGlobalSection
	GlobalSection(ExtensibilityGlobals) = postSolution
		SolutionGuid = {9CF200C3-70AE-43A5-B589-3AEEE50D3C2C}
	EndGlobalSection
EndGlobal
